# THIS IS AN AUTOGENERATED FILE. DO NOT EDIT THIS FILE DIRECTLY.
# yarn lockfile v1


"@types/node@^12.7.9":
  version "12.7.9"
  resolved "https://registry.yarnpkg.com/@types/node/-/node-12.7.9.tgz#da0210f91096aa67138cf5afd04c4d629f8a406a"
  integrity sha512-P57oKTJ/vYivL2BCfxCC5tQjlS8qW31pbOL6qt99Yrjm95YdHgNZwjrTTjMBh+C2/y6PXIX4oz253+jUzxKKfQ==

zone.js@^0.10.2:
  version "0.10.2"
  resolved "https://registry.yarnpkg.com/zone.js/-/zone.js-0.10.2.tgz#67ca084b3116fc33fc40435e0d5ea40a207e392e"
  integrity sha512-UAYfiuvxLN4oyuqhJwd21Uxb4CNawrq6fPS/05Su5L4G+1TN+HVDJMUHNMobVQDFJRir2cLAODXwluaOKB7HFg==
